
Microsoft Visual Studio Solution File, Format Version 12.00
# Visual Studio Version 16
VisualStudioVersion = 16.0.31911.196
MinimumVisualStudioVersion = 10.0.40219.1
Project("{FAE04EC0-301F-11D3-BF4B-00C04F79EFBC}") = "AppTurismo", "AppTurismo\AppTurismo.csproj", "{65DA0C34-9885-4C70-AA67-814F3A657872}"
EndProject
Global
	GlobalSection(SolutionConfigurationPlatforms) = preSolution
		Debug|Any CPU = Debug|Any CPU
		Release|Any CPU = Release|Any CPU
	EndGlobalSection
	GlobalSection(ProjectConfigurationPlatforms) = postSolution
		{65DA0C34-9885-4C70-AA67-814F3A657872}.Debug|Any CPU.ActiveCfg = Debug|Any CPU
		{65DA0C34-9885-4C70-AA67-814F3A657872}.Debug|Any CPU.Build.0 = Debug|Any CPU
		{65DA0C34-9885-4C70-AA67-814F3A657872}.Release|Any CPU.ActiveCfg = Release|Any CPU
		{65DA0C34-9885-4C70-AA67-814F3A657872}.Release|Any CPU.Build.0 = Release|Any CPU
	EndGlobalSection
	GlobalSection(SolutionProperties) = preSolution
		HideSolutionNode = FALSE
	EndGlobalSection
	GlobalSection(ExtensibilityGlobals) = postSolution
		SolutionGuid = {2838C539-8E06-40D6-9820-5C8C89896F5D}
	EndGlobalSection
EndGlobal
